
Microsoft Visual Studio Solution File, Format Version 12.00
# Visual Studio Version 17
VisualStudioVersion = 17.5.2.0
MinimumVisualStudioVersion = 10.0.40219.1
Project("{2150E333-8FDC-42A3-9474-1A3956D46DE8}") = "services", "services", "{5854FF58-B8C5-05C6-5BF2-ACE42193F22B}"
EndProject
Project("{2150E333-8FDC-42A3-9474-1A3956D46DE8}") = "catalog", "catalog", "{944ACC7E-4FFC-A2A2-09E1-98A62C66F8DB}"
EndProject
Project("{FAE04EC0-301F-11D3-BF4B-00C04F79EFBC}") = "Catalog.Api", "services\catalog\Catalog.Api\Catalog.Api.csproj", "{33FC5A32-CDDC-EE43-9CA6-483EA2BFBE99}"
EndProject
Project("{2150E333-8FDC-42A3-9474-1A3956D46DE8}") = "identity", "identity", "{357A7C97-5AE1-023F-1442-0D9F9AF22A31}"
EndProject
Project("{FAE04EC0-301F-11D3-BF4B-00C04F79EFBC}") = "Identity.Api", "services\identity\Identity.Api\Identity.Api.csproj", "{19A97DA5-3A75-6D06-A878-AF39AC9F2655}"
EndProject
Project("{2150E333-8FDC-42A3-9474-1A3956D46DE8}") = "order", "order", "{A7F1EA75-F84F-EDAA-1156-120873BE27D5}"
EndProject
Project("{FAE04EC0-301F-11D3-BF4B-00C04F79EFBC}") = "Order.Api", "services\order\Order.Api\Order.Api.csproj", "{76972EDE-C75C-CD7B-2F1D-01A430F8CA72}"
EndProject
Project("{FAE04EC0-301F-11D3-BF4B-00C04F79EFBC}") = "Identity.Api.Tests", "services\identity\Identity.Api.Tests\Identity.Api.Tests.csproj", "{0D68754D-900E-4DF8-84AF-0BD61E4E72F4}"
EndProject
Project("{FAE04EC0-301F-11D3-BF4B-00C04F79EFBC}") = "Catalog.Api.Tests", "services\catalog\Catalog.Api.Tests\Catalog.Api.Tests.csproj", "{5BA8D750-8923-44DA-946D-3BB96FAE1255}"
EndProject
Project("{FAE04EC0-301F-11D3-BF4B-00C04F79EFBC}") = "Order.Api.Tests", "services\order\Order.Api.Tests\Order.Api.Tests.csproj", "{3A97122A-461B-4DF8-965A-4E8309AE2E14}"
EndProject
Project("{2150E333-8FDC-42A3-9474-1A3956D46DE8}") = "tests", "tests", "{0AB3BF05-4346-4AA6-1389-037BE0695223}"
EndProject
Project("{FAE04EC0-301F-11D3-BF4B-00C04F79EFBC}") = "Chapter7.E2E.Tests", "tests\Chapter7.E2E.Tests\Chapter7.E2E.Tests.csproj", "{7953576A-9697-4301-88D0-15201B27ABDB}"
EndProject
Global
	GlobalSection(SolutionConfigurationPlatforms) = preSolution
		Debug|Any CPU = Debug|Any CPU
		Debug|x64 = Debug|x64
		Debug|x86 = Debug|x86
		Release|Any CPU = Release|Any CPU
		Release|x64 = Release|x64
		Release|x86 = Release|x86
	EndGlobalSection
	GlobalSection(ProjectConfigurationPlatforms) = postSolution
		{33FC5A32-CDDC-EE43-9CA6-483EA2BFBE99}.Debug|Any CPU.ActiveCfg = Debug|Any CPU
		{33FC5A32-CDDC-EE43-9CA6-483EA2BFBE99}.Debug|Any CPU.Build.0 = Debug|Any CPU
		{33FC5A32-CDDC-EE43-9CA6-483EA2BFBE99}.Debug|x64.ActiveCfg = Debug|Any CPU
		{33FC5A32-CDDC-EE43-9CA6-483EA2BFBE99}.Debug|x64.Build.0 = Debug|Any CPU
		{33FC5A32-CDDC-EE43-9CA6-483EA2BFBE99}.Debug|x86.ActiveCfg = Debug|Any CPU
		{33FC5A32-CDDC-EE43-9CA6-483EA2BFBE99}.Debug|x86.Build.0 = Debug|Any CPU
		{33FC5A32-CDDC-EE43-9CA6-483EA2BFBE99}.Release|Any CPU.ActiveCfg = Release|Any CPU
		{33FC5A32-CDDC-EE43-9CA6-483EA2BFBE99}.Release|Any CPU.Build.0 = Release|Any CPU
		{33FC5A32-CDDC-EE43-9CA6-483EA2BFBE99}.Release|x64.ActiveCfg = Release|Any CPU
		{33FC5A32-CDDC-EE43-9CA6-483EA2BFBE99}.Release|x64.Build.0 = Release|Any CPU
		{33FC5A32-CDDC-EE43-9CA6-483EA2BFBE99}.Release|x86.ActiveCfg = Release|Any CPU
		{33FC5A32-CDDC-EE43-9CA6-483EA2BFBE99}.Release|x86.Build.0 = Release|Any CPU
		{19A97DA5-3A75-6D06-A878-AF39AC9F2655}.Debug|Any CPU.ActiveCfg = Debug|Any CPU
		{19A97DA5-3A75-6D06-A878-AF39AC9F2655}.Debug|Any CPU.Build.0 = Debug|Any CPU
		{19A97DA5-3A75-6D06-A878-AF39AC9F2655}.Debug|x64.ActiveCfg = Debug|Any CPU
		{19A97DA5-3A75-6D06-A878-AF39AC9F2655}.Debug|x64.Build.0 = Debug|Any CPU
		{19A97DA5-3A75-6D06-A878-AF39AC9F2655}.Debug|x86.ActiveCfg = Debug|Any CPU
		{19A97DA5-3A75-6D06-A878-AF39AC9F2655}.Debug|x86.Build.0 = Debug|Any CPU
		{19A97DA5-3A75-6D06-A878-AF39AC9F2655}.Release|Any CPU.ActiveCfg = Release|Any CPU
		{19A97DA5-3A75-6D06-A878-AF39AC9F2655}.Release|Any CPU.Build.0 = Release|Any CPU
		{19A97DA5-3A75-6D06-A878-AF39AC9F2655}.Release|x64.ActiveCfg = Release|Any CPU
		{19A97DA5-3A75-6D06-A878-AF39AC9F2655}.Release|x64.Build.0 = Release|Any CPU
		{19A97DA5-3A75-6D06-A878-AF39AC9F2655}.Release|x86.ActiveCfg = Release|Any CPU
		{19A97DA5-3A75-6D06-A878-AF39AC9F2655}.Release|x86.Build.0 = Release|Any CPU
		{76972EDE-C75C-CD7B-2F1D-01A430F8CA72}.Debug|Any CPU.ActiveCfg = Debug|Any CPU
		{76972EDE-C75C-CD7B-2F1D-01A430F8CA72}.Debug|Any CPU.Build.0 = Debug|Any CPU
		{76972EDE-C75C-CD7B-2F1D-01A430F8CA72}.Debug|x64.ActiveCfg = Debug|Any CPU
		{76972EDE-C75C-CD7B-2F1D-01A430F8CA72}.Debug|x64.Build.0 = Debug|Any CPU
		{76972EDE-C75C-CD7B-2F1D-01A430F8CA72}.Debug|x86.ActiveCfg = Debug|Any CPU
		{76972EDE-C75C-CD7B-2F1D-01A430F8CA72}.Debug|x86.Build.0 = Debug|Any CPU
		{76972EDE-C75C-CD7B-2F1D-01A430F8CA72}.Release|Any CPU.ActiveCfg = Release|Any CPU
		{76972EDE-C75C-CD7B-2F1D-01A430F8CA72}.Release|Any CPU.Build.0 = Release|Any CPU
		{76972EDE-C75C-CD7B-2F1D-01A430F8CA72}.Release|x64.ActiveCfg = Release|Any CPU
		{76972EDE-C75C-CD7B-2F1D-01A430F8CA72}.Release|x64.Build.0 = Release|Any CPU
		{76972EDE-C75C-CD7B-2F1D-01A430F8CA72}.Release|x86.ActiveCfg = Release|Any CPU
		{76972EDE-C75C-CD7B-2F1D-01A430F8CA72}.Release|x86.Build.0 = Release|Any CPU
		{0D68754D-900E-4DF8-84AF-0BD61E4E72F4}.Debug|Any CPU.ActiveCfg = Debug|Any CPU
		{0D68754D-900E-4DF8-84AF-0BD61E4E72F4}.Debug|Any CPU.Build.0 = Debug|Any CPU
		{0D68754D-900E-4DF8-84AF-0BD61E4E72F4}.Debug|x64.ActiveCfg = Debug|Any CPU
		{0D68754D-900E-4DF8-84AF-0BD61E4E72F4}.Debug|x64.Build.0 = Debug|Any CPU
		{0D68754D-900E-4DF8-84AF-0BD61E4E72F4}.Debug|x86.ActiveCfg = Debug|Any CPU
		{0D68754D-900E-4DF8-84AF-0BD61E4E72F4}.Debug|x86.Build.0 = Debug|Any CPU
		{0D68754D-900E-4DF8-84AF-0BD61E4E72F4}.Release|Any CPU.ActiveCfg = Release|Any CPU
		{0D68754D-900E-4DF8-84AF-0BD61E4E72F4}.Release|Any CPU.Build.0 = Release|Any CPU
		{0D68754D-900E-4DF8-84AF-0BD61E4E72F4}.Release|x64.ActiveCfg = Release|Any CPU
		{0D68754D-900E-4DF8-84AF-0BD61E4E72F4}.Release|x64.Build.0 = Release|Any CPU
		{0D68754D-900E-4DF8-84AF-0BD61E4E72F4}.Release|x86.ActiveCfg = Release|Any CPU
		{0D68754D-900E-4DF8-84AF-0BD61E4E72F4}.Release|x86.Build.0 = Release|Any CPU
		{5BA8D750-8923-44DA-946D-3BB96FAE1255}.Debug|Any CPU.ActiveCfg = Debug|Any CPU
		{5BA8D750-8923-44DA-946D-3BB96FAE1255}.Debug|Any CPU.Build.0 = Debug|Any CPU
		{5BA8D750-8923-44DA-946D-3BB96FAE1255}.Debug|x64.ActiveCfg = Debug|Any CPU
		{5BA8D750-8923-44DA-946D-3BB96FAE1255}.Debug|x64.Build.0 = Debug|Any CPU
		{5BA8D750-8923-44DA-946D-3BB96FAE1255}.Debug|x86.ActiveCfg = Debug|Any CPU
		{5BA8D750-8923-44DA-946D-3BB96FAE1255}.Debug|x86.Build.0 = Debug|Any CPU
		{5BA8D750-8923-44DA-946D-3BB96FAE1255}.Release|Any CPU.ActiveCfg = Release|Any CPU
		{5BA8D750-8923-44DA-946D-3BB96FAE1255}.Release|Any CPU.Build.0 = Release|Any CPU
		{5BA8D750-8923-44DA-946D-3BB96FAE1255}.Release|x64.ActiveCfg = Release|Any CPU
		{5BA8D750-8923-44DA-946D-3BB96FAE1255}.Release|x64.Build.0 = Release|Any CPU
		{5BA8D750-8923-44DA-946D-3BB96FAE1255}.Release|x86.ActiveCfg = Release|Any CPU
		{5BA8D750-8923-44DA-946D-3BB96FAE1255}.Release|x86.Build.0 = Release|Any CPU
		{3A97122A-461B-4DF8-965A-4E8309AE2E14}.Debug|Any CPU.ActiveCfg = Debug|Any CPU
		{3A97122A-461B-4DF8-965A-4E8309AE2E14}.Debug|Any CPU.Build.0 = Debug|Any CPU
		{3A97122A-461B-4DF8-965A-4E8309AE2E14}.Debug|x64.ActiveCfg = Debug|Any CPU
		{3A97122A-461B-4DF8-965A-4E8309AE2E14}.Debug|x64.Build.0 = Debug|Any CPU
		{3A97122A-461B-4DF8-965A-4E8309AE2E14}.Debug|x86.ActiveCfg = Debug|Any CPU
		{3A97122A-461B-4DF8-965A-4E8309AE2E14}.Debug|x86.Build.0 = Debug|Any CPU
		{3A97122A-461B-4DF8-965A-4E8309AE2E14}.Release|Any CPU.ActiveCfg = Release|Any CPU
		{3A97122A-461B-4DF8-965A-4E8309AE2E14}.Release|Any CPU.Build.0 = Release|Any CPU
		{3A97122A-461B-4DF8-965A-4E8309AE2E14}.Release|x64.ActiveCfg = Release|Any CPU
		{3A97122A-461B-4DF8-965A-4E8309AE2E14}.Release|x64.Build.0 = Release|Any CPU
		{3A97122A-461B-4DF8-965A-4E8309AE2E14}.Release|x86.ActiveCfg = Release|Any CPU
		{3A97122A-461B-4DF8-965A-4E8309AE2E14}.Release|x86.Build.0 = Release|Any CPU
		{7953576A-9697-4301-88D0-15201B27ABDB}.Debug|Any CPU.ActiveCfg = Debug|Any CPU
		{7953576A-9697-4301-88D0-15201B27ABDB}.Debug|Any CPU.Build.0 = Debug|Any CPU
		{7953576A-9697-4301-88D0-15201B27ABDB}.Debug|x64.ActiveCfg = Debug|Any CPU
		{7953576A-9697-4301-88D0-15201B27ABDB}.Debug|x64.Build.0 = Debug|Any CPU
		{7953576A-9697-4301-88D0-15201B27ABDB}.Debug|x86.ActiveCfg = Debug|Any CPU
		{7953576A-9697-4301-88D0-15201B27ABDB}.Debug|x86.Build.0 = Debug|Any CPU
		{7953576A-9697-4301-88D0-15201B27ABDB}.Release|Any CPU.ActiveCfg = Release|Any CPU
		{7953576A-9697-4301-88D0-15201B27ABDB}.Release|Any CPU.Build.0 = Release|Any CPU
		{7953576A-9697-4301-88D0-15201B27ABDB}.Release|x64.ActiveCfg = Release|Any CPU
		{7953576A-9697-4301-88D0-15201B27ABDB}.Release|x64.Build.0 = Release|Any CPU
		{7953576A-9697-4301-88D0-15201B27ABDB}.Release|x86.ActiveCfg = Release|Any CPU
		{7953576A-9697-4301-88D0-15201B27ABDB}.Release|x86.Build.0 = Release|Any CPU
	EndGlobalSection
	GlobalSection(SolutionProperties) = preSolution
		HideSolutionNode = FALSE
	EndGlobalSection
	GlobalSection(NestedProjects) = preSolution
		{944ACC7E-4FFC-A2A2-09E1-98A62C66F8DB} = {5854FF58-B8C5-05C6-5BF2-ACE42193F22B}
		{33FC5A32-CDDC-EE43-9CA6-483EA2BFBE99} = {944ACC7E-4FFC-A2A2-09E1-98A62C66F8DB}
		{357A7C97-5AE1-023F-1442-0D9F9AF22A31} = {5854FF58-B8C5-05C6-5BF2-ACE42193F22B}
		{19A97DA5-3A75-6D06-A878-AF39AC9F2655} = {357A7C97-5AE1-023F-1442-0D9F9AF22A31}
		{A7F1EA75-F84F-EDAA-1156-120873BE27D5} = {5854FF58-B8C5-05C6-5BF2-ACE42193F22B}
		{76972EDE-C75C-CD7B-2F1D-01A430F8CA72} = {A7F1EA75-F84F-EDAA-1156-120873BE27D5}
		{0D68754D-900E-4DF8-84AF-0BD61E4E72F4} = {357A7C97-5AE1-023F-1442-0D9F9AF22A31}
		{5BA8D750-8923-44DA-946D-3BB96FAE1255} = {944ACC7E-4FFC-A2A2-09E1-98A62C66F8DB}
		{3A97122A-461B-4DF8-965A-4E8309AE2E14} = {A7F1EA75-F84F-EDAA-1156-120873BE27D5}
		{7953576A-9697-4301-88D0-15201B27ABDB} = {0AB3BF05-4346-4AA6-1389-037BE0695223}
	EndGlobalSection
	GlobalSection(ExtensibilityGlobals) = postSolution
		SolutionGuid = {191B4E41-8790-40D1-8B84-587B2C5EF4DA}
	EndGlobalSection
EndGlobal
